// !$*UTF8*$!
{
	archiveVersion = 1;
	classes = {
	};
	objectVersion = 55;
	objects = {

/* Begin PBXBuildFile section */
		1F2FE7955DC34A2BEA76C590 /* Pods_JacksonDental.framework in Frameworks */ = {isa = PBXBuildFile; fileRef = 801A935C20FFC6D9CDB6672F /* Pods_JacksonDental.framework */; };
		6C0072C8279EFB6300EDAB83 /* AppDelegate.swift in Sources */ = {isa = PBXBuildFile; fileRef = 6C0072C7279EFB6300EDAB83 /* AppDelegate.swift */; };
		6C0072CA279EFB6300EDAB83 /* SceneDelegate.swift in Sources */ = {isa = PBXBuildFile; fileRef = 6C0072C9279EFB6300EDAB83 /* SceneDelegate.swift */; };
		6C0072CF279EFB6300EDAB83 /* Main.storyboard in Resources */ = {isa = PBXBuildFile; fileRef = 6C0072CD279EFB6300EDAB83 /* Main.storyboard */; };
		6C0072D1279EFB6400EDAB83 /* Assets.xcassets in Resources */ = {isa = PBXBuildFile; fileRef = 6C0072D0279EFB6400EDAB83 /* Assets.xcassets */; };
		6C0072D4279EFB6400EDAB83 /* LaunchScreen.storyboard in Resources */ = {isa = PBXBuildFile; fileRef = 6C0072D2279EFB6400EDAB83 /* LaunchScreen.storyboard */; };
		6C0072DF279EFB6400EDAB83 /* JacksonDentalTests.swift in Sources */ = {isa = PBXBuildFile; fileRef = 6C0072DE279EFB6400EDAB83 /* JacksonDentalTests.swift */; };
		6C0072E9279EFB6500EDAB83 /* JacksonDentalUITests.swift in Sources */ = {isa = PBXBuildFile; fileRef = 6C0072E8279EFB6500EDAB83 /* JacksonDentalUITests.swift */; };
		6C0072EB279EFB6500EDAB83 /* JacksonDentalUITestsLaunchTests.swift in Sources */ = {isa = PBXBuildFile; fileRef = 6C0072EA279EFB6500EDAB83 /* JacksonDentalUITestsLaunchTests.swift */; };
		6C0072F9279EFCF200EDAB83 /* WelcomeVC.swift in Sources */ = {isa = PBXBuildFile; fileRef = 6C0072F8279EFCF200EDAB83 /* WelcomeVC.swift */; };
		6C0072FC279F011600EDAB83 /* Poppins-BlackItalic.ttf in Resources */ = {isa = PBXBuildFile; fileRef = 6C0072FB279F011600EDAB83 /* Poppins-BlackItalic.ttf */; };
		6C00730E279F012B00EDAB83 /* Poppins-MediumItalic.ttf in Resources */ = {isa = PBXBuildFile; fileRef = 6C0072FD279F012B00EDAB83 /* Poppins-MediumItalic.ttf */; };
		6C00730F279F012B00EDAB83 /* Poppins-Regular.ttf in Resources */ = {isa = PBXBuildFile; fileRef = 6C0072FE279F012B00EDAB83 /* Poppins-Regular.ttf */; };
		6C007310279F012B00EDAB83 /* Poppins-LightItalic.ttf in Resources */ = {isa = PBXBuildFile; fileRef = 6C0072FF279F012B00EDAB83 /* Poppins-LightItalic.ttf */; };
		6C007311279F012B00EDAB83 /* Poppins-Light.ttf in Resources */ = {isa = PBXBuildFile; fileRef = 6C007300279F012B00EDAB83 /* Poppins-Light.ttf */; };
		6C007312279F012B00EDAB83 /* Poppins-ThinItalic.ttf in Resources */ = {isa = PBXBuildFile; fileRef = 6C007301279F012B00EDAB83 /* Poppins-ThinItalic.ttf */; };
		6C007313279F012B00EDAB83 /* Poppins-Italic.ttf in Resources */ = {isa = PBXBuildFile; fileRef = 6C007302279F012B00EDAB83 /* Poppins-Italic.ttf */; };
		6C007314279F012B00EDAB83 /* Poppins-ExtraBold.ttf in Resources */ = {isa = PBXBuildFile; fileRef = 6C007303279F012B00EDAB83 /* Poppins-ExtraBold.ttf */; };
		6C007315279F012B00EDAB83 /* Poppins-BoldItalic.ttf in Resources */ = {isa = PBXBuildFile; fileRef = 6C007304279F012B00EDAB83 /* Poppins-BoldItalic.ttf */; };
		6C007316279F012B00EDAB83 /* Poppins-ExtraLightItalic.ttf in Resources */ = {isa = PBXBuildFile; fileRef = 6C007305279F012B00EDAB83 /* Poppins-ExtraLightItalic.ttf */; };
		6C007317279F012B00EDAB83 /* Poppins-ExtraBoldItalic.ttf in Resources */ = {isa = PBXBuildFile; fileRef = 6C007306279F012B00EDAB83 /* Poppins-ExtraBoldItalic.ttf */; };
		6C007318279F012B00EDAB83 /* Poppins-SemiBold.ttf in Resources */ = {isa = PBXBuildFile; fileRef = 6C007307279F012B00EDAB83 /* Poppins-SemiBold.ttf */; };
		6C007319279F012B00EDAB83 /* Poppins-Thin.ttf in Resources */ = {isa = PBXBuildFile; fileRef = 6C007308279F012B00EDAB83 /* Poppins-Thin.ttf */; };
		6C00731A279F012B00EDAB83 /* Poppins-Bold.ttf in Resources */ = {isa = PBXBuildFile; fileRef = 6C007309279F012B00EDAB83 /* Poppins-Bold.ttf */; };
		6C00731B279F012B00EDAB83 /* Poppins-ExtraLight.ttf in Resources */ = {isa = PBXBuildFile; fileRef = 6C00730A279F012B00EDAB83 /* Poppins-ExtraLight.ttf */; };
		6C00731C279F012B00EDAB83 /* Poppins-SemiBoldItalic.ttf in Resources */ = {isa = PBXBuildFile; fileRef = 6C00730B279F012B00EDAB83 /* Poppins-SemiBoldItalic.ttf */; };
		6C00731D279F012B00EDAB83 /* Poppins-Black.ttf in Resources */ = {isa = PBXBuildFile; fileRef = 6C00730C279F012B00EDAB83 /* Poppins-Black.ttf */; };
		6C00731E279F012B00EDAB83 /* Poppins-Medium.ttf in Resources */ = {isa = PBXBuildFile; fileRef = 6C00730D279F012B00EDAB83 /* Poppins-Medium.ttf */; };
		6C19E62227A1AF0300C827AE /* LeaveGauzeVC.swift in Sources */ = {isa = PBXBuildFile; fileRef = 6C19E62127A1AF0300C827AE /* LeaveGauzeVC.swift */; };
		6C56803F279F0D7E0036D175 /* Level1VC.swift in Sources */ = {isa = PBXBuildFile; fileRef = 6C56803E279F0D7E0036D175 /* Level1VC.swift */; };
		6C568041279F120B0036D175 /* NoSignageVc.swift in Sources */ = {isa = PBXBuildFile; fileRef = 6C568040279F120B0036D175 /* NoSignageVc.swift */; };
		6C568043279F13CA0036D175 /* ExcerciseVC.swift in Sources */ = {isa = PBXBuildFile; fileRef = 6C568042279F13CA0036D175 /* ExcerciseVC.swift */; };
		6C568045279F16070036D175 /* DietVC.swift in Sources */ = {isa = PBXBuildFile; fileRef = 6C568044279F16070036D175 /* DietVC.swift */; };
		6C568047279F17990036D175 /* DayCompleteVC.swift in Sources */ = {isa = PBXBuildFile; fileRef = 6C568046279F17990036D175 /* DayCompleteVC.swift */; };
		6CAA51C627A0733900356DDC /* 69615-4-chills.json in Resources */ = {isa = PBXBuildFile; fileRef = 6CAA51C527A0733900356DDC /* 69615-4-chills.json */; };
		6CBFBAEE27A561A8000CBDAD /* lf30_editor_fqoqhonn.json in Resources */ = {isa = PBXBuildFile; fileRef = 6CBFBAED27A561A8000CBDAD /* lf30_editor_fqoqhonn.json */; };
		6CBFBAF227A56562000CBDAD /* Welcome2VC.swift in Sources */ = {isa = PBXBuildFile; fileRef = 6CBFBAF127A56562000CBDAD /* Welcome2VC.swift */; };
		6CBFBAF427A56573000CBDAD /* RinseMouthVC.swift in Sources */ = {isa = PBXBuildFile; fileRef = 6CBFBAF327A56573000CBDAD /* RinseMouthVC.swift */; };
		6CBFBAF627A5657F000CBDAD /* AwayFromSocketVC.swift in Sources */ = {isa = PBXBuildFile; fileRef = 6CBFBAF527A5657F000CBDAD /* AwayFromSocketVC.swift */; };
		6CBFBAF827A56591000CBDAD /* HelpLineVC.swift in Sources */ = {isa = PBXBuildFile; fileRef = 6CBFBAF727A56591000CBDAD /* HelpLineVC.swift */; };
		6CBFBAFA27A57195000CBDAD /* lf30_editor_fipkhdfj.json in Resources */ = {isa = PBXBuildFile; fileRef = 6CBFBAF927A57195000CBDAD /* lf30_editor_fipkhdfj.json */; };
		6CBFBAFC27A58353000CBDAD /* nosmoking.json in Resources */ = {isa = PBXBuildFile; fileRef = 6CBFBAFB27A58352000CBDAD /* nosmoking.json */; };
		6CBFBAFE27A585B9000CBDAD /* medicine.json in Resources */ = {isa = PBXBuildFile; fileRef = 6CBFBAFD27A585B8000CBDAD /* medicine.json */; };
		6CBFBB0027A5881A000CBDAD /* time.json in Resources */ = {isa = PBXBuildFile; fileRef = 6CBFBAFF27A5881A000CBDAD /* time.json */; };
		6CBFBB0227A58881000CBDAD /* blood.json in Resources */ = {isa = PBXBuildFile; fileRef = 6CBFBB0127A58881000CBDAD /* blood.json */; };
		6CBFBB0527A5B012000CBDAD /* ZFRippleButton.swift in Sources */ = {isa = PBXBuildFile; fileRef = 6CBFBB0427A5B012000CBDAD /* ZFRippleButton.swift */; };
		7BEDDAC3EC34897F421511A8 /* Pods_JacksonDentalTests.framework in Frameworks */ = {isa = PBXBuildFile; fileRef = C197AB17A33967EC8BAE2789 /* Pods_JacksonDentalTests.framework */; };
		F37724B43418CC47183554C1 /* Pods_JacksonDental_JacksonDentalUITests.framework in Frameworks */ = {isa = PBXBuildFile; fileRef = C23992C39DC37B41088A693E /* Pods_JacksonDental_JacksonDentalUITests.framework */; };
/* End PBXBuildFile section */

/* Begin PBXContainerItemProxy section */
		6C0072DB279EFB6400EDAB83 /* PBXContainerItemProxy */ = {
			isa = PBXContainerItemProxy;
			containerPortal = 6C0072BC279EFB6300EDAB83 /* Project object */;
			proxyType = 1;
			remoteGlobalIDString = 6C0072C3279EFB6300EDAB83;
			remoteInfo = JacksonDental;
		};
		6C0072E5279EFB6500EDAB83 /* PBXContainerItemProxy */ = {
			isa = PBXContainerItemProxy;
			containerPortal = 6C0072BC279EFB6300EDAB83 /* Project object */;
			proxyType = 1;
			remoteGlobalIDString = 6C0072C3279EFB6300EDAB83;
			remoteInfo = JacksonDental;
		};
/* End PBXContainerItemProxy section */

/* Begin PBXFileReference section */
		5F841B4FFA4DFD46667BF8BC /* Pods-JacksonDental-JacksonDentalUITests.debug.xcconfig */ = {isa = PBXFileReference; includeInIndex = 1; lastKnownFileType = text.xcconfig; name = "Pods-JacksonDental-JacksonDentalUITests.debug.xcconfig"; path = "Target Support Files/Pods-JacksonDental-JacksonDentalUITests/Pods-JacksonDental-JacksonDentalUITests.debug.xcconfig"; sourceTree = "<group>"; };
		6C0072C4279EFB6300EDAB83 /* JacksonDental.app */ = {isa = PBXFileReference; explicitFileType = wrapper.application; includeInIndex = 0; path = JacksonDental.app; sourceTree = BUILT_PRODUCTS_DIR; };
		6C0072C7279EFB6300EDAB83 /* AppDelegate.swift */ = {isa = PBXFileReference; lastKnownFileType = sourcecode.swift; path = AppDelegate.swift; sourceTree = "<group>"; };
		6C0072C9279EFB6300EDAB83 /* SceneDelegate.swift */ = {isa = PBXFileReference; lastKnownFileType = sourcecode.swift; path = SceneDelegate.swift; sourceTree = "<group>"; };
		6C0072CE279EFB6300EDAB83 /* Base */ = {isa = PBXFileReference; lastKnownFileType = file.storyboard; name = Base; path = Base.lproj/Main.storyboard; sourceTree = "<group>"; };
		6C0072D0279EFB6400EDAB83 /* Assets.xcassets */ = {isa = PBXFileReference; lastKnownFileType = folder.assetcatalog; path = Assets.xcassets; sourceTree = "<group>"; };
		6C0072D3279EFB6400EDAB83 /* Base */ = {isa = PBXFileReference; lastKnownFileType = file.storyboard; name = Base; path = Base.lproj/LaunchScreen.storyboard; sourceTree = "<group>"; };
		6C0072D5279EFB6400EDAB83 /* Info.plist */ = {isa = PBXFileReference; lastKnownFileType = text.plist.xml; path = Info.plist; sourceTree = "<group>"; };
		6C0072DA279EFB6400EDAB83 /* JacksonDentalTests.xctest */ = {isa = PBXFileReference; explicitFileType = wrapper.cfbundle; includeInIndex = 0; path = JacksonDentalTests.xctest; sourceTree = BUILT_PRODUCTS_DIR; };
		6C0072DE279EFB6400EDAB83 /* JacksonDentalTests.swift */ = {isa = PBXFileReference; lastKnownFileType = sourcecode.swift; path = JacksonDentalTests.swift; sourceTree = "<group>"; };
		6C0072E4279EFB6500EDAB83 /* JacksonDentalUITests.xctest */ = {isa = PBXFileReference; explicitFileType = wrapper.cfbundle; includeInIndex = 0; path = JacksonDentalUITests.xctest; sourceTree = BUILT_PRODUCTS_DIR; };
		6C0072E8279EFB6500EDAB83 /* JacksonDentalUITests.swift */ = {isa = PBXFileReference; lastKnownFileType = sourcecode.swift; path = JacksonDentalUITests.swift; sourceTree = "<group>"; };
		6C0072EA279EFB6500EDAB83 /* JacksonDentalUITestsLaunchTests.swift */ = {isa = PBXFileReference; lastKnownFileType = sourcecode.swift; path = JacksonDentalUITestsLaunchTests.swift; sourceTree = "<group>"; };
		6C0072F8279EFCF200EDAB83 /* WelcomeVC.swift */ = {isa = PBXFileReference; lastKnownFileType = sourcecode.swift; path = WelcomeVC.swift; sourceTree = "<group>"; };
		6C0072FB279F011600EDAB83 /* Poppins-BlackItalic.ttf */ = {isa = PBXFileReference; lastKnownFileType = file; path = "Poppins-BlackItalic.ttf"; sourceTree = "<group>"; };
		6C0072FD279F012B00EDAB83 /* Poppins-MediumItalic.ttf */ = {isa = PBXFileReference; lastKnownFileType = file; path = "Poppins-MediumItalic.ttf"; sourceTree = "<group>"; };
		6C0072FE279F012B00EDAB83 /* Poppins-Regular.ttf */ = {isa = PBXFileReference; lastKnownFileType = file; path = "Poppins-Regular.ttf"; sourceTree = "<group>"; };
		6C0072FF279F012B00EDAB83 /* Poppins-LightItalic.ttf */ = {isa = PBXFileReference; lastKnownFileType = file; path = "Poppins-LightItalic.ttf"; sourceTree = "<group>"; };
		6C007300279F012B00EDAB83 /* Poppins-Light.ttf */ = {isa = PBXFileReference; lastKnownFileType = file; path = "Poppins-Light.ttf"; sourceTree = "<group>"; };
		6C007301279F012B00EDAB83 /* Poppins-ThinItalic.ttf */ = {isa = PBXFileReference; lastKnownFileType = file; path = "Poppins-ThinItalic.ttf"; sourceTree = "<group>"; };
		6C007302279F012B00EDAB83 /* Poppins-Italic.ttf */ = {isa = PBXFileReference; lastKnownFileType = file; path = "Poppins-Italic.ttf"; sourceTree = "<group>"; };
		6C007303279F012B00EDAB83 /* Poppins-ExtraBold.ttf */ = {isa = PBXFileReference; lastKnownFileType = file; path = "Poppins-ExtraBold.ttf"; sourceTree = "<group>"; };
		6C007304279F012B00EDAB83 /* Poppins-BoldItalic.ttf */ = {isa = PBXFileReference; lastKnownFileType = file; path = "Poppins-BoldItalic.ttf"; sourceTree = "<group>"; };
		6C007305279F012B00EDAB83 /* Poppins-ExtraLightItalic.ttf */ = {isa = PBXFileReference; lastKnownFileType = file; path = "Poppins-ExtraLightItalic.ttf"; sourceTree = "<group>"; };
		6C007306279F012B00EDAB83 /* Poppins-ExtraBoldItalic.ttf */ = {isa = PBXFileReference; lastKnownFileType = file; path = "Poppins-ExtraBoldItalic.ttf"; sourceTree = "<group>"; };
		6C007307279F012B00EDAB83 /* Poppins-SemiBold.ttf */ = {isa = PBXFileReference; lastKnownFileType = file; path = "Poppins-SemiBold.ttf"; sourceTree = "<group>"; };
		6C007308279F012B00EDAB83 /* Poppins-Thin.ttf */ = {isa = PBXFileReference; lastKnownFileType = file; path = "Poppins-Thin.ttf"; sourceTree = "<group>"; };
		6C007309279F012B00EDAB83 /* Poppins-Bold.ttf */ = {isa = PBXFileReference; lastKnownFileType = file; path = "Poppins-Bold.ttf"; sourceTree = "<group>"; };
		6C00730A279F012B00EDAB83 /* Poppins-ExtraLight.ttf */ = {isa = PBXFileReference; lastKnownFileType = file; path = "Poppins-ExtraLight.ttf"; sourceTree = "<group>"; };
		6C00730B279F012B00EDAB83 /* Poppins-SemiBoldItalic.ttf */ = {isa = PBXFileReference; lastKnownFileType = file; path = "Poppins-SemiBoldItalic.ttf"; sourceTree = "<group>"; };
		6C00730C279F012B00EDAB83 /* Poppins-Black.ttf */ = {isa = PBXFileReference; lastKnownFileType = file; path = "Poppins-Black.ttf"; sourceTree = "<group>"; };
		6C00730D279F012B00EDAB83 /* Poppins-Medium.ttf */ = {isa = PBXFileReference; lastKnownFileType = file; path = "Poppins-Medium.ttf"; sourceTree = "<group>"; };
		6C19E62127A1AF0300C827AE /* LeaveGauzeVC.swift */ = {isa = PBXFileReference; lastKnownFileType = sourcecode.swift; path = LeaveGauzeVC.swift; sourceTree = "<group>"; };
		6C56803E279F0D7E0036D175 /* Level1VC.swift */ = {isa = PBXFileReference; lastKnownFileType = sourcecode.swift; path = Level1VC.swift; sourceTree = "<group>"; };
		6C568040279F120B0036D175 /* NoSignageVc.swift */ = {isa = PBXFileReference; lastKnownFileType = sourcecode.swift; path = NoSignageVc.swift; sourceTree = "<group>"; };
		6C568042279F13CA0036D175 /* ExcerciseVC.swift */ = {isa = PBXFileReference; lastKnownFileType = sourcecode.swift; path = ExcerciseVC.swift; sourceTree = "<group>"; };
		6C568044279F16070036D175 /* DietVC.swift */ = {isa = PBXFileReference; lastKnownFileType = sourcecode.swift; path = DietVC.swift; sourceTree = "<group>"; };
		6C568046279F17990036D175 /* DayCompleteVC.swift */ = {isa = PBXFileReference; lastKnownFileType = sourcecode.swift; path = DayCompleteVC.swift; sourceTree = "<group>"; };
		6CAA51C527A0733900356DDC /* 69615-4-chills.json */ = {isa = PBXFileReference; fileEncoding = 4; lastKnownFileType = text.json; path = "69615-4-chills.json"; sourceTree = "<group>"; };
		6CBFBAED27A561A8000CBDAD /* lf30_editor_fqoqhonn.json */ = {isa = PBXFileReference; fileEncoding = 4; lastKnownFileType = text.json; path = lf30_editor_fqoqhonn.json; sourceTree = "<group>"; };
		6CBFBAF127A56562000CBDAD /* Welcome2VC.swift */ = {isa = PBXFileReference; lastKnownFileType = sourcecode.swift; path = Welcome2VC.swift; sourceTree = "<group>"; };
		6CBFBAF327A56573000CBDAD /* RinseMouthVC.swift */ = {isa = PBXFileReference; lastKnownFileType = sourcecode.swift; path = RinseMouthVC.swift; sourceTree = "<group>"; };
		6CBFBAF527A5657F000CBDAD /* AwayFromSocketVC.swift */ = {isa = PBXFileReference; lastKnownFileType = sourcecode.swift; path = AwayFromSocketVC.swift; sourceTree = "<group>"; };
		6CBFBAF727A56591000CBDAD /* HelpLineVC.swift */ = {isa = PBXFileReference; lastKnownFileType = sourcecode.swift; path = HelpLineVC.swift; sourceTree = "<group>"; };
		6CBFBAF927A57195000CBDAD /* lf30_editor_fipkhdfj.json */ = {isa = PBXFileReference; fileEncoding = 4; lastKnownFileType = text.json; path = lf30_editor_fipkhdfj.json; sourceTree = "<group>"; };
		6CBFBAFB27A58352000CBDAD /* nosmoking.json */ = {isa = PBXFileReference; fileEncoding = 4; lastKnownFileType = text.json; path = nosmoking.json; sourceTree = "<group>"; };
		6CBFBAFD27A585B8000CBDAD /* medicine.json */ = {isa = PBXFileReference; fileEncoding = 4; lastKnownFileType = text.json; path = medicine.json; sourceTree = "<group>"; };
		6CBFBAFF27A5881A000CBDAD /* time.json */ = {isa = PBXFileReference; fileEncoding = 4; lastKnownFileType = text.json; path = time.json; sourceTree = "<group>"; };
		6CBFBB0127A58881000CBDAD /* blood.json */ = {isa = PBXFileReference; fileEncoding = 4; lastKnownFileType = text.json; path = blood.json; sourceTree = "<group>"; };
		6CBFBB0427A5B012000CBDAD /* ZFRippleButton.swift */ = {isa = PBXFileReference; lastKnownFileType = sourcecode.swift; path = ZFRippleButton.swift; sourceTree = "<group>"; };
		7294E379448FF0E7333603BC /* Pods-JacksonDental.debug.xcconfig */ = {isa = PBXFileReference; includeInIndex = 1; lastKnownFileType = text.xcconfig; name = "Pods-JacksonDental.debug.xcconfig"; path = "Target Support Files/Pods-JacksonDental/Pods-JacksonDental.debug.xcconfig"; sourceTree = "<group>"; };
		801A935C20FFC6D9CDB6672F /* Pods_JacksonDental.framework */ = {isa = PBXFileReference; explicitFileType = wrapper.framework; includeInIndex = 0; path = Pods_JacksonDental.framework; sourceTree = BUILT_PRODUCTS_DIR; };
		BE382CBCF2C89E2C87008FD4 /* Pods-JacksonDental-JacksonDentalUITests.release.xcconfig */ = {isa = PBXFileReference; includeInIndex = 1; lastKnownFileType = text.xcconfig; name = "Pods-JacksonDental-JacksonDentalUITests.release.xcconfig"; path = "Target Support Files/Pods-JacksonDental-JacksonDentalUITests/Pods-JacksonDental-JacksonDentalUITests.release.xcconfig"; sourceTree = "<group>"; };
		C197AB17A33967EC8BAE2789 /* Pods_JacksonDentalTests.framework */ = {isa = PBXFileReference; explicitFileType = wrapper.framework; includeInIndex = 0; path = Pods_JacksonDentalTests.framework; sourceTree = BUILT_PRODUCTS_DIR; };
		C23992C39DC37B41088A693E /* Pods_JacksonDental_JacksonDentalUITests.framework */ = {isa = PBXFileReference; explicitFileType = wrapper.framework; includeInIndex = 0; path = Pods_JacksonDental_JacksonDentalUITests.framework; sourceTree = BUILT_PRODUCTS_DIR; };
		C73B1E54B8C3C7BB8026D2BA /* Pods-JacksonDentalTests.release.xcconfig */ = {isa = PBXFileReference; includeInIndex = 1; lastKnownFileType = text.xcconfig; name = "Pods-JacksonDentalTests.release.xcconfig"; path = "Target Support Files/Pods-JacksonDentalTests/Pods-JacksonDentalTests.release.xcconfig"; sourceTree = "<group>"; };
		EBBDCF10F80637B0C05CACBE /* Pods-JacksonDentalTests.debug.xcconfig */ = {isa = PBXFileReference; includeInIndex = 1; lastKnownFileType = text.xcconfig; name = "Pods-JacksonDentalTests.debug.xcconfig"; path = "Target Support Files/Pods-JacksonDentalTests/Pods-JacksonDentalTests.debug.xcconfig"; sourceTree = "<group>"; };
		FF638AB26036EB8461F1928F /* Pods-JacksonDental.release.xcconfig */ = {isa = PBXFileReference; includeInIndex = 1; lastKnownFileType = text.xcconfig; name = "Pods-JacksonDental.release.xcconfig"; path = "Target Support Files/Pods-JacksonDental/Pods-JacksonDental.release.xcconfig"; sourceTree = "<group>"; };
/* End PBXFileReference section */

/* Begin PBXFrameworksBuildPhase section */
		6C0072C1279EFB6300EDAB83 /* Frameworks */ = {
			isa = PBXFrameworksBuildPhase;
			buildActionMask = 2147483647;
			files = (
				1F2FE7955DC34A2BEA76C590 /* Pods_JacksonDental.framework in Frameworks */,
			);
			runOnlyForDeploymentPostprocessing = 0;
		};
		6C0072D7279EFB6400EDAB83 /* Frameworks */ = {
			isa = PBXFrameworksBuildPhase;
			buildActionMask = 2147483647;
			files = (
				7BEDDAC3EC34897F421511A8 /* Pods_JacksonDentalTests.framework in Frameworks */,
			);
			runOnlyForDeploymentPostprocessing = 0;
		};
		6C0072E1279EFB6500EDAB83 /* Frameworks */ = {
			isa = PBXFrameworksBuildPhase;
			buildActionMask = 2147483647;
			files = (
				F37724B43418CC47183554C1 /* Pods_JacksonDental_JacksonDentalUITests.framework in Frameworks */,
			);
			runOnlyForDeploymentPostprocessing = 0;
		};
/* End PBXFrameworksBuildPhase section */

/* Begin PBXGroup section */
		14957989DFC5D2D436B83564 /* Frameworks */ = {
			isa = PBXGroup;
			children = (
				801A935C20FFC6D9CDB6672F /* Pods_JacksonDental.framework */,
				C23992C39DC37B41088A693E /* Pods_JacksonDental_JacksonDentalUITests.framework */,
				C197AB17A33967EC8BAE2789 /* Pods_JacksonDentalTests.framework */,
			);
			name = Frameworks;
			sourceTree = "<group>";
		};
		6C0072BB279EFB6300EDAB83 = {
			isa = PBXGroup;
			children = (
				6C0072C6279EFB6300EDAB83 /* JacksonDental */,
				6C0072DD279EFB6400EDAB83 /* JacksonDentalTests */,
				6C0072E7279EFB6500EDAB83 /* JacksonDentalUITests */,
				6C0072C5279EFB6300EDAB83 /* Products */,
				B856B70DBA874B02DA374068 /* Pods */,
				14957989DFC5D2D436B83564 /* Frameworks */,
			);
			sourceTree = "<group>";
		};
		6C0072C5279EFB6300EDAB83 /* Products */ = {
			isa = PBXGroup;
			children = (
				6C0072C4279EFB6300EDAB83 /* JacksonDental.app */,
				6C0072DA279EFB6400EDAB83 /* JacksonDentalTests.xctest */,
				6C0072E4279EFB6500EDAB83 /* JacksonDentalUITests.xctest */,
			);
			name = Products;
			sourceTree = "<group>";
		};
		6C0072C6279EFB6300EDAB83 /* JacksonDental */ = {
			isa = PBXGroup;
			children = (
				6CBFBB0327A5AFF4000CBDAD /* Third Parties */,
				6CAA51C527A0733900356DDC /* 69615-4-chills.json */,
				6CBFBAFD27A585B8000CBDAD /* medicine.json */,
				6CBFBAED27A561A8000CBDAD /* lf30_editor_fqoqhonn.json */,
				6CBFBB0127A58881000CBDAD /* blood.json */,
				6CBFBAFB27A58352000CBDAD /* nosmoking.json */,
				6CBFBAFF27A5881A000CBDAD /* time.json */,
				6CBFBAF927A57195000CBDAD /* lf30_editor_fipkhdfj.json */,
				6C0072FA279F010500EDAB83 /* Fonts */,
				6C0072F7279EFCD600EDAB83 /* ViewControllers */,
				6C0072C7279EFB6300EDAB83 /* AppDelegate.swift */,
				6C0072C9279EFB6300EDAB83 /* SceneDelegate.swift */,
				6C0072CD279EFB6300EDAB83 /* Main.storyboard */,
				6C0072D0279EFB6400EDAB83 /* Assets.xcassets */,
				6C0072D2279EFB6400EDAB83 /* LaunchScreen.storyboard */,
				6C0072D5279EFB6400EDAB83 /* Info.plist */,
			);
			path = JacksonDental;
			sourceTree = "<group>";
		};
		6C0072DD279EFB6400EDAB83 /* JacksonDentalTests */ = {
			isa = PBXGroup;
			children = (
				6C0072DE279EFB6400EDAB83 /* JacksonDentalTests.swift */,
			);
			path = JacksonDentalTests;
			sourceTree = "<group>";
		};
		6C0072E7279EFB6500EDAB83 /* JacksonDentalUITests */ = {
			isa = PBXGroup;
			children = (
				6C0072E8279EFB6500EDAB83 /* JacksonDentalUITests.swift */,
				6C0072EA279EFB6500EDAB83 /* JacksonDentalUITestsLaunchTests.swift */,
			);
			path = JacksonDentalUITests;
			sourceTree = "<group>";
		};
		6C0072F7279EFCD600EDAB83 /* ViewControllers */ = {
			isa = PBXGroup;
			children = (
				6CBFBAF027A5653F000CBDAD /* Day2Flow */,
				6CBFBAEF27A56531000CBDAD /* Day1Flow */,
			);
			path = ViewControllers;
			sourceTree = "<group>";
		};
		6C0072FA279F010500EDAB83 /* Fonts */ = {
			isa = PBXGroup;
			children = (
				6C0072FB279F011600EDAB83 /* Poppins-BlackItalic.ttf */,
				6C00730C279F012B00EDAB83 /* Poppins-Black.ttf */,
				6C007309279F012B00EDAB83 /* Poppins-Bold.ttf */,
				6C007304279F012B00EDAB83 /* Poppins-BoldItalic.ttf */,
				6C007303279F012B00EDAB83 /* Poppins-ExtraBold.ttf */,
				6C007306279F012B00EDAB83 /* Poppins-ExtraBoldItalic.ttf */,
				6C00730A279F012B00EDAB83 /* Poppins-ExtraLight.ttf */,
				6C007305279F012B00EDAB83 /* Poppins-ExtraLightItalic.ttf */,
				6C007302279F012B00EDAB83 /* Poppins-Italic.ttf */,
				6C007300279F012B00EDAB83 /* Poppins-Light.ttf */,
				6C0072FF279F012B00EDAB83 /* Poppins-LightItalic.ttf */,
				6C00730D279F012B00EDAB83 /* Poppins-Medium.ttf */,
				6C0072FD279F012B00EDAB83 /* Poppins-MediumItalic.ttf */,
				6C0072FE279F012B00EDAB83 /* Poppins-Regular.ttf */,
				6C007307279F012B00EDAB83 /* Poppins-SemiBold.ttf */,
				6C00730B279F012B00EDAB83 /* Poppins-SemiBoldItalic.ttf */,
				6C007308279F012B00EDAB83 /* Poppins-Thin.ttf */,
				6C007301279F012B00EDAB83 /* Poppins-ThinItalic.ttf */,
			);
			path = Fonts;
			sourceTree = "<group>";
		};
		6CBFBAEF27A56531000CBDAD /* Day1Flow */ = {
			isa = PBXGroup;
			children = (
				6C0072F8279EFCF200EDAB83 /* WelcomeVC.swift */,
				6C56803E279F0D7E0036D175 /* Level1VC.swift */,
				6C568040279F120B0036D175 /* NoSignageVc.swift */,
				6C568042279F13CA0036D175 /* ExcerciseVC.swift */,
				6C568044279F16070036D175 /* DietVC.swift */,
				6C568046279F17990036D175 /* DayCompleteVC.swift */,
				6C19E62127A1AF0300C827AE /* LeaveGauzeVC.swift */,
			);
			path = Day1Flow;
			sourceTree = "<group>";
		};
		6CBFBAF027A5653F000CBDAD /* Day2Flow */ = {
			isa = PBXGroup;
			children = (
				6CBFBAF127A56562000CBDAD /* Welcome2VC.swift */,
				6CBFBAF327A56573000CBDAD /* RinseMouthVC.swift */,
				6CBFBAF527A5657F000CBDAD /* AwayFromSocketVC.swift */,
				6CBFBAF727A56591000CBDAD /* HelpLineVC.swift */,
			);
			path = Day2Flow;
			sourceTree = "<group>";
		};
		6CBFBB0327A5AFF4000CBDAD /* Third Parties */ = {
			isa = PBXGroup;
			children = (
				6CBFBB0427A5B012000CBDAD /* ZFRippleButton.swift */,
			);
			path = "Third Parties";
			sourceTree = "<group>";
		};
		B856B70DBA874B02DA374068 /* Pods */ = {
			isa = PBXGroup;
			children = (
				7294E379448FF0E7333603BC /* Pods-JacksonDental.debug.xcconfig */,
				FF638AB26036EB8461F1928F /* Pods-JacksonDental.release.xcconfig */,
				5F841B4FFA4DFD46667BF8BC /* Pods-JacksonDental-JacksonDentalUITests.debug.xcconfig */,
				BE382CBCF2C89E2C87008FD4 /* Pods-JacksonDental-JacksonDentalUITests.release.xcconfig */,
				EBBDCF10F80637B0C05CACBE /* Pods-JacksonDentalTests.debug.xcconfig */,
				C73B1E54B8C3C7BB8026D2BA /* Pods-JacksonDentalTests.release.xcconfig */,
			);
			path = Pods;
			sourceTree = "<group>";
		};
/* End PBXGroup section */

/* Begin PBXNativeTarget section */
		6C0072C3279EFB6300EDAB83 /* JacksonDental */ = {
			isa = PBXNativeTarget;
			buildConfigurationList = 6C0072EE279EFB6500EDAB83 /* Build configuration list for PBXNativeTarget "JacksonDental" */;
			buildPhases = (
				56F7F9FD891DC031220E0485 /* [CP] Check Pods Manifest.lock */,
				6C0072C0279EFB6300EDAB83 /* Sources */,
				6C0072C1279EFB6300EDAB83 /* Frameworks */,
				6C0072C2279EFB6300EDAB83 /* Resources */,
				7ED5AD3DFC85C783DB6F2346 /* [CP] Embed Pods Frameworks */,
			);
			buildRules = (
			);
			dependencies = (
			);
			name = JacksonDental;
			productName = JacksonDental;
			productReference = 6C0072C4279EFB6300EDAB83 /* JacksonDental.app */;
			productType = "com.apple.product-type.application";
		};
		6C0072D9279EFB6400EDAB83 /* JacksonDentalTests */ = {
			isa = PBXNativeTarget;
			buildConfigurationList = 6C0072F1279EFB6500EDAB83 /* Build configuration list for PBXNativeTarget "JacksonDentalTests" */;
			buildPhases = (
				D6D9428737884F59070684A4 /* [CP] Check Pods Manifest.lock */,
				6C0072D6279EFB6400EDAB83 /* Sources */,
				6C0072D7279EFB6400EDAB83 /* Frameworks */,
				6C0072D8279EFB6400EDAB83 /* Resources */,
			);
			buildRules = (
			);
			dependencies = (
				6C0072DC279EFB6400EDAB83 /* PBXTargetDependency */,
			);
			name = JacksonDentalTests;
			productName = JacksonDentalTests;
			productReference = 6C0072DA279EFB6400EDAB83 /* JacksonDentalTests.xctest */;
			productType = "com.apple.product-type.bundle.unit-test";
		};
		6C0072E3279EFB6500EDAB83 /* JacksonDentalUITests */ = {
			isa = PBXNativeTarget;
			buildConfigurationList = 6C0072F4279EFB6500EDAB83 /* Build configuration list for PBXNativeTarget "JacksonDentalUITests" */;
			buildPhases = (
				3DEF77C52E8214393B6DE741 /* [CP] Check Pods Manifest.lock */,
				6C0072E0279EFB6500EDAB83 /* Sources */,
				6C0072E1279EFB6500EDAB83 /* Frameworks */,
				6C0072E2279EFB6500EDAB83 /* Resources */,
				438D4C29F8577CF8EDA037FB /* [CP] Embed Pods Frameworks */,
			);
			buildRules = (
			);
			dependencies = (
				6C0072E6279EFB6500EDAB83 /* PBXTargetDependency */,
			);
			name = JacksonDentalUITests;
			productName = JacksonDentalUITests;
			productReference = 6C0072E4279EFB6500EDAB83 /* JacksonDentalUITests.xctest */;
			productType = "com.apple.product-type.bundle.ui-testing";
		};
/* End PBXNativeTarget section */

/* Begin PBXProject section */
		6C0072BC279EFB6300EDAB83 /* Project object */ = {
			isa = PBXProject;
			attributes = {
				BuildIndependentTargetsInParallel = 1;
				LastSwiftUpdateCheck = 1310;
				LastUpgradeCheck = 1310;
				TargetAttributes = {
					6C0072C3279EFB6300EDAB83 = {
						CreatedOnToolsVersion = 13.1;
					};
					6C0072D9279EFB6400EDAB83 = {
						CreatedOnToolsVersion = 13.1;
						TestTargetID = 6C0072C3279EFB6300EDAB83;
					};
					6C0072E3279EFB6500EDAB83 = {
						CreatedOnToolsVersion = 13.1;
						TestTargetID = 6C0072C3279EFB6300EDAB83;
					};
				};
			};
			buildConfigurationList = 6C0072BF279EFB6300EDAB83 /* Build configuration list for PBXProject "JacksonDental" */;
			compatibilityVersion = "Xcode 13.0";
			developmentRegion = en;
			hasScannedForEncodings = 0;
			knownRegions = (
				en,
				Base,
			);
			mainGroup = 6C0072BB279EFB6300EDAB83;
			productRefGroup = 6C0072C5279EFB6300EDAB83 /* Products */;
			projectDirPath = "";
			projectRoot = "";
			targets = (
				6C0072C3279EFB6300EDAB83 /* JacksonDental */,
				6C0072D9279EFB6400EDAB83 /* JacksonDentalTests */,
				6C0072E3279EFB6500EDAB83 /* JacksonDentalUITests */,
			);
		};
/* End PBXProject section */

/* Begin PBXResourcesBuildPhase section */
		6C0072C2279EFB6300EDAB83 /* Resources */ = {
			isa = PBXResourcesBuildPhase;
			buildActionMask = 2147483647;
			files = (
				6CBFBAFE27A585B9000CBDAD /* medicine.json in Resources */,
				6C007318279F012B00EDAB83 /* Poppins-SemiBold.ttf in Resources */,
				6C00731C279F012B00EDAB83 /* Poppins-SemiBoldItalic.ttf in Resources */,
				6CBFBB0027A5881A000CBDAD /* time.json in Resources */,
				6C0072FC279F011600EDAB83 /* Poppins-BlackItalic.ttf in Resources */,
				6C0072D4279EFB6400EDAB83 /* LaunchScreen.storyboard in Resources */,
				6C00731D279F012B00EDAB83 /* Poppins-Black.ttf in Resources */,
				6C007310279F012B00EDAB83 /* Poppins-LightItalic.ttf in Resources */,
				6CBFBAFC27A58353000CBDAD /* nosmoking.json in Resources */,
				6C007315279F012B00EDAB83 /* Poppins-BoldItalic.ttf in Resources */,
				6C007319279F012B00EDAB83 /* Poppins-Thin.ttf in Resources */,
				6C007311279F012B00EDAB83 /* Poppins-Light.ttf in Resources */,
				6C0072D1279EFB6400EDAB83 /* Assets.xcassets in Resources */,
				6C00730F279F012B00EDAB83 /* Poppins-Regular.ttf in Resources */,
				6C007312279F012B00EDAB83 /* Poppins-ThinItalic.ttf in Resources */,
				6C007316279F012B00EDAB83 /* Poppins-ExtraLightItalic.ttf in Resources */,
				6CBFBAFA27A57195000CBDAD /* lf30_editor_fipkhdfj.json in Resources */,
				6C007314279F012B00EDAB83 /* Poppins-ExtraBold.ttf in Resources */,
				6C00731B279F012B00EDAB83 /* Poppins-ExtraLight.ttf in Resources */,
				6CAA51C627A0733900356DDC /* 69615-4-chills.json in Resources */,
				6C00731E279F012B00EDAB83 /* Poppins-Medium.ttf in Resources */,
				6C00731A279F012B00EDAB83 /* Poppins-Bold.ttf in Resources */,
				6C007317279F012B00EDAB83 /* Poppins-ExtraBoldItalic.ttf in Resources */,
				6C0072CF279EFB6300EDAB83 /* Main.storyboard in Resources */,
				6CBFBAEE27A561A8000CBDAD /* lf30_editor_fqoqhonn.json in Resources */,
				6C007313279F012B00EDAB83 /* Poppins-Italic.ttf in Resources */,
				6C00730E279F012B00EDAB83 /* Poppins-MediumItalic.ttf in Resources */,
				6CBFBB0227A58881000CBDAD /* blood.json in Resources */,
			);
			runOnlyForDeploymentPostprocessing = 0;
		};
		6C0072D8279EFB6400EDAB83 /* Resources */ = {
			isa = PBXResourcesBuildPhase;
			buildActionMask = 2147483647;
			files = (
			);
			runOnlyForDeploymentPostprocessing = 0;
		};
		6C0072E2279EFB6500EDAB83 /* Resources */ = {
			isa = PBXResourcesBuildPhase;
			buildActionMask = 2147483647;
			files = (
			);
			runOnlyForDeploymentPostprocessing = 0;
		};
/* End PBXResourcesBuildPhase section */

/* Begin PBXShellScriptBuildPhase section */
		3DEF77C52E8214393B6DE741 /* [CP] Check Pods Manifest.lock */ = {
			isa = PBXShellScriptBuildPhase;
			buildActionMask = 2147483647;
			files = (
			);
			inputFileListPaths = (
			);
			inputPaths = (
				"${PODS_PODFILE_DIR_PATH}/Podfile.lock",
				"${PODS_ROOT}/Manifest.lock",
			);
			name = "[CP] Check Pods Manifest.lock";
			outputFileListPaths = (
			);
			outputPaths = (
				"$(DERIVED_FILE_DIR)/Pods-JacksonDental-JacksonDentalUITests-checkManifestLockResult.txt",
			);
			runOnlyForDeploymentPostprocessing = 0;
			shellPath = /bin/sh;
			shellScript = "diff \"${PODS_PODFILE_DIR_PATH}/Podfile.lock\" \"${PODS_ROOT}/Manifest.lock\" > /dev/null\nif [ $? != 0 ] ; then\n    # print error to STDERR\n    echo \"error: The sandbox is not in sync with the Podfile.lock. Run 'pod install' or update your CocoaPods installation.\" >&2\n    exit 1\nfi\n# This output is used by Xcode 'outputs' to avoid re-running this script phase.\necho \"SUCCESS\" > \"${SCRIPT_OUTPUT_FILE_0}\"\n";
			showEnvVarsInLog = 0;
		};
		438D4C29F8577CF8EDA037FB /* [CP] Embed Pods Frameworks */ = {
			isa = PBXShellScriptBuildPhase;
			buildActionMask = 2147483647;
			files = (
			);
			inputFileListPaths = (
				"${PODS_ROOT}/Target Support Files/Pods-JacksonDental-JacksonDentalUITests/Pods-JacksonDental-JacksonDentalUITests-frameworks-${CONFIGURATION}-input-files.xcfilelist",
			);
			name = "[CP] Embed Pods Frameworks";
			outputFileListPaths = (
				"${PODS_ROOT}/Target Support Files/Pods-JacksonDental-JacksonDentalUITests/Pods-JacksonDental-JacksonDentalUITests-frameworks-${CONFIGURATION}-output-files.xcfilelist",
			);
			runOnlyForDeploymentPostprocessing = 0;
			shellPath = /bin/sh;
			shellScript = "\"${PODS_ROOT}/Target Support Files/Pods-JacksonDental-JacksonDentalUITests/Pods-JacksonDental-JacksonDentalUITests-frameworks.sh\"\n";
			showEnvVarsInLog = 0;
		};
		56F7F9FD891DC031220E0485 /* [CP] Check Pods Manifest.lock */ = {
			isa = PBXShellScriptBuildPhase;
			buildActionMask = 2147483647;
			files = (
			);
			inputFileListPaths = (
			);
			inputPaths = (
				"${PODS_PODFILE_DIR_PATH}/Podfile.lock",
				"${PODS_ROOT}/Manifest.lock",
			);
			name = "[CP] Check Pods Manifest.lock";
			outputFileListPaths = (
			);
			outputPaths = (
				"$(DERIVED_FILE_DIR)/Pods-JacksonDental-checkManifestLockResult.txt",
			);
			runOnlyForDeploymentPostprocessing = 0;
			shellPath = /bin/sh;
			shellScript = "diff \"${PODS_PODFILE_DIR_PATH}/Podfile.lock\" \"${PODS_ROOT}/Manifest.lock\" > /dev/null\nif [ $? != 0 ] ; then\n    # print error to STDERR\n    echo \"error: The sandbox is not in sync with the Podfile.lock. Run 'pod install' or update your CocoaPods installation.\" >&2\n    exit 1\nfi\n# This output is used by Xcode 'outputs' to avoid re-running this script phase.\necho \"SUCCESS\" > \"${SCRIPT_OUTPUT_FILE_0}\"\n";
			showEnvVarsInLog = 0;
		};
		7ED5AD3DFC85C783DB6F2346 /* [CP] Embed Pods Frameworks */ = {
			isa = PBXShellScriptBuildPhase;
			buildActionMask = 2147483647;
			files = (
			);
			inputFileListPaths = (
				"${PODS_ROOT}/Target Support Files/Pods-JacksonDental/Pods-JacksonDental-frameworks-${CONFIGURATION}-input-files.xcfilelist",
			);
			name = "[CP] Embed Pods Frameworks";
			outputFileListPaths = (
				"${PODS_ROOT}/Target Support Files/Pods-JacksonDental/Pods-JacksonDental-frameworks-${CONFIGURATION}-output-files.xcfilelist",
			);
			runOnlyForDeploymentPostprocessing = 0;
			shellPath = /bin/sh;
			shellScript = "\"${PODS_ROOT}/Target Support Files/Pods-JacksonDental/Pods-JacksonDental-frameworks.sh\"\n";
			showEnvVarsInLog = 0;
		};
		D6D9428737884F59070684A4 /* [CP] Check Pods Manifest.lock */ = {
			isa = PBXShellScriptBuildPhase;
			buildActionMask = 2147483647;
			files = (
			);
			inputFileListPaths = (
			);
			inputPaths = (
				"${PODS_PODFILE_DIR_PATH}/Podfile.lock",
				"${PODS_ROOT}/Manifest.lock",
			);
			name = "[CP] Check Pods Manifest.lock";
			outputFileListPaths = (
			);
			outputPaths = (
				"$(DERIVED_FILE_DIR)/Pods-JacksonDentalTests-checkManifestLockResult.txt",
			);
			runOnlyForDeploymentPostprocessing = 0;
			shellPath = /bin/sh;
			shellScript = "diff \"${PODS_PODFILE_DIR_PATH}/Podfile.lock\" \"${PODS_ROOT}/Manifest.lock\" > /dev/null\nif [ $? != 0 ] ; then\n    # print error to STDERR\n    echo \"error: The sandbox is not in sync with the Podfile.lock. Run 'pod install' or update your CocoaPods installation.\" >&2\n    exit 1\nfi\n# This output is used by Xcode 'outputs' to avoid re-running this script phase.\necho \"SUCCESS\" > \"${SCRIPT_OUTPUT_FILE_0}\"\n";
			showEnvVarsInLog = 0;
		};
/* End PBXShellScriptBuildPhase section */

/* Begin PBXSourcesBuildPhase section */
		6C0072C0279EFB6300EDAB83 /* Sources */ = {
			isa = PBXSourcesBuildPhase;
			buildActionMask = 2147483647;
			files = (
				6C0072F9279EFCF200EDAB83 /* WelcomeVC.swift in Sources */,
				6CBFBAF627A5657F000CBDAD /* AwayFromSocketVC.swift in Sources */,
				6C19E62227A1AF0300C827AE /* LeaveGauzeVC.swift in Sources */,
				6CBFBAF227A56562000CBDAD /* Welcome2VC.swift in Sources */,
				6C56803F279F0D7E0036D175 /* Level1VC.swift in Sources */,
				6C568047279F17990036D175 /* DayCompleteVC.swift in Sources */,
				6C0072C8279EFB6300EDAB83 /* AppDelegate.swift in Sources */,
				6C0072CA279EFB6300EDAB83 /* SceneDelegate.swift in Sources */,
				6CBFBAF427A56573000CBDAD /* RinseMouthVC.swift in Sources */,
				6CBFBB0527A5B012000CBDAD /* ZFRippleButton.swift in Sources */,
				6C568041279F120B0036D175 /* NoSignageVc.swift in Sources */,
				6CBFBAF827A56591000CBDAD /* HelpLineVC.swift in Sources */,
				6C568043279F13CA0036D175 /* ExcerciseVC.swift in Sources */,
				6C568045279F16070036D175 /* DietVC.swift in Sources */,
			);
			runOnlyForDeploymentPostprocessing = 0;
		};
		6C0072D6279EFB6400EDAB83 /* Sources */ = {
			isa = PBXSourcesBuildPhase;
			buildActionMask = 2147483647;
			files = (
				6C0072DF279EFB6400EDAB83 /* JacksonDentalTests.swift in Sources */,
			);
			runOnlyForDeploymentPostprocessing = 0;
		};
		6C0072E0279EFB6500EDAB83 /* Sources */ = {
			isa = PBXSourcesBuildPhase;
			buildActionMask = 2147483647;
			files = (
				6C0072EB279EFB6500EDAB83 /* JacksonDentalUITestsLaunchTests.swift in Sources */,
				6C0072E9279EFB6500EDAB83 /* JacksonDentalUITests.swift in Sources */,
			);
			runOnlyForDeploymentPostprocessing = 0;
		};
/* End PBXSourcesBuildPhase section */

/* Begin PBXTargetDependency section */
		6C0072DC279EFB6400EDAB83 /* PBXTargetDependency */ = {
			isa = PBXTargetDependency;
			target = 6C0072C3279EFB6300EDAB83 /* JacksonDental */;
			targetProxy = 6C0072DB279EFB6400EDAB83 /* PBXContainerItemProxy */;
		};
		6C0072E6279EFB6500EDAB83 /* PBXTargetDependency */ = {
			isa = PBXTargetDependency;
			target = 6C0072C3279EFB6300EDAB83 /* JacksonDental */;
			targetProxy = 6C0072E5279EFB6500EDAB83 /* PBXContainerItemProxy */;
		};
/* End PBXTargetDependency section */

/* Begin PBXVariantGroup section */
		6C0072CD279EFB6300EDAB83 /* Main.storyboard */ = {
			isa = PBXVariantGroup;
			children = (
				6C0072CE279EFB6300EDAB83 /* Base */,
			);
			name = Main.storyboard;
			sourceTree = "<group>";
		};
		6C0072D2279EFB6400EDAB83 /* LaunchScreen.storyboard */ = {
			isa = PBXVariantGroup;
			children = (
				6C0072D3279EFB6400EDAB83 /* Base */,
			);
			name = LaunchScreen.storyboard;
			sourceTree = "<group>";
		};
/* End PBXVariantGroup section */

/* Begin XCBuildConfiguration section */
		6C0072EC279EFB6500EDAB83 /* Debug */ = {
			isa = XCBuildConfiguration;
			buildSettings = {
				ALWAYS_SEARCH_USER_PATHS = NO;
				CLANG_ANALYZER_NONNULL = YES;
				CLANG_ANALYZER_NUMBER_OBJECT_CONVERSION = YES_AGGRESSIVE;
				CLANG_CXX_LANGUAGE_STANDARD = "gnu++17";
				CLANG_CXX_LIBRARY = "libc++";
				CLANG_ENABLE_MODULES = YES;
				CLANG_ENABLE_OBJC_ARC = YES;
				CLANG_ENABLE_OBJC_WEAK = YES;
				CLANG_WARN_BLOCK_CAPTURE_AUTORELEASING = YES;
				CLANG_WARN_BOOL_CONVERSION = YES;
				CLANG_WARN_COMMA = YES;
				CLANG_WARN_CONSTANT_CONVERSION = YES;
				CLANG_WARN_DEPRECATED_OBJC_IMPLEMENTATIONS = YES;
				CLANG_WARN_DIRECT_OBJC_ISA_USAGE = YES_ERROR;
				CLANG_WARN_DOCUMENTATION_COMMENTS = YES;
				CLANG_WARN_EMPTY_BODY = YES;
				CLANG_WARN_ENUM_CONVERSION = YES;
				CLANG_WARN_INFINITE_RECURSION = YES;
				CLANG_WARN_INT_CONVERSION = YES;
				CLANG_WARN_NON_LITERAL_NULL_CONVERSION = YES;
				CLANG_WARN_OBJC_IMPLICIT_RETAIN_SELF = YES;
				CLANG_WARN_OBJC_LITERAL_CONVERSION = YES;
				CLANG_WARN_OBJC_ROOT_CLASS = YES_ERROR;
				CLANG_WARN_QUOTED_INCLUDE_IN_FRAMEWORK_HEADER = YES;
				CLANG_WARN_RANGE_LOOP_ANALYSIS = YES;
				CLANG_WARN_STRICT_PROTOTYPES = YES;
				CLANG_WARN_SUSPICIOUS_MOVE = YES;
				CLANG_WARN_UNGUARDED_AVAILABILITY = YES_AGGRESSIVE;
				CLANG_WARN_UNREACHABLE_CODE = YES;
				CLANG_WARN__DUPLICATE_METHOD_MATCH = YES;
				COPY_PHASE_STRIP = NO;
				DEBUG_INFORMATION_FORMAT = dwarf;
				ENABLE_STRICT_OBJC_MSGSEND = YES;
				ENABLE_TESTABILITY = YES;
				GCC_C_LANGUAGE_STANDARD = gnu11;
				GCC_DYNAMIC_NO_PIC = NO;
				GCC_NO_COMMON_BLOCKS = YES;
				GCC_OPTIMIZATION_LEVEL = 0;
				GCC_PREPROCESSOR_DEFINITIONS = (
					"DEBUG=1",
					"$(inherited)",
				);
				GCC_WARN_64_TO_32_BIT_CONVERSION = YES;
				GCC_WARN_ABOUT_RETURN_TYPE = YES_ERROR;
				GCC_WARN_UNDECLARED_SELECTOR = YES;
				GCC_WARN_UNINITIALIZED_AUTOS = YES_AGGRESSIVE;
				GCC_WARN_UNUSED_FUNCTION = YES;
				GCC_WARN_UNUSED_VARIABLE = YES;
				IPHONEOS_DEPLOYMENT_TARGET = 13.0;
				MTL_ENABLE_DEBUG_INFO = INCLUDE_SOURCE;
				MTL_FAST_MATH = YES;
				ONLY_ACTIVE_ARCH = YES;
				SDKROOT = iphoneos;
				SWIFT_ACTIVE_COMPILATION_CONDITIONS = DEBUG;
				SWIFT_OPTIMIZATION_LEVEL = "-Onone";
			};
			name = Debug;
		};
		6C0072ED279EFB6500EDAB83 /* Release */ = {
			isa = XCBuildConfiguration;
			buildSettings = {
				ALWAYS_SEARCH_USER_PATHS = NO;
				CLANG_ANALYZER_NONNULL = YES;
				CLANG_ANALYZER_NUMBER_OBJECT_CONVERSION = YES_AGGRESSIVE;
				CLANG_CXX_LANGUAGE_STANDARD = "gnu++17";
				CLANG_CXX_LIBRARY = "libc++";
				CLANG_ENABLE_MODULES = YES;
				CLANG_ENABLE_OBJC_ARC = YES;
				CLANG_ENABLE_OBJC_WEAK = YES;
				CLANG_WARN_BLOCK_CAPTURE_AUTORELEASING = YES;
				CLANG_WARN_BOOL_CONVERSION = YES;
				CLANG_WARN_COMMA = YES;
				CLANG_WARN_CONSTANT_CONVERSION = YES;
				CLANG_WARN_DEPRECATED_OBJC_IMPLEMENTATIONS = YES;
				CLANG_WARN_DIRECT_OBJC_ISA_USAGE = YES_ERROR;
				CLANG_WARN_DOCUMENTATION_COMMENTS = YES;
				CLANG_WARN_EMPTY_BODY = YES;
				CLANG_WARN_ENUM_CONVERSION = YES;
				CLANG_WARN_INFINITE_RECURSION = YES;
				CLANG_WARN_INT_CONVERSION = YES;
				CLANG_WARN_NON_LITERAL_NULL_CONVERSION = YES;
				CLANG_WARN_OBJC_IMPLICIT_RETAIN_SELF = YES;
				CLANG_WARN_OBJC_LITERAL_CONVERSION = YES;
				CLANG_WARN_OBJC_ROOT_CLASS = YES_ERROR;
				CLANG_WARN_QUOTED_INCLUDE_IN_FRAMEWORK_HEADER = YES;
				CLANG_WARN_RANGE_LOOP_ANALYSIS = YES;
				CLANG_WARN_STRICT_PROTOTYPES = YES;
				CLANG_WARN_SUSPICIOUS_MOVE = YES;
				CLANG_WARN_UNGUARDED_AVAILABILITY = YES_AGGRESSIVE;
				CLANG_WARN_UNREACHABLE_CODE = YES;
				CLANG_WARN__DUPLICATE_METHOD_MATCH = YES;
				COPY_PHASE_STRIP = NO;
				DEBUG_INFORMATION_FORMAT = "dwarf-with-dsym";
				ENABLE_NS_ASSERTIONS = NO;
				ENABLE_STRICT_OBJC_MSGSEND = YES;
				GCC_C_LANGUAGE_STANDARD = gnu11;
				GCC_NO_COMMON_BLOCKS = YES;
				GCC_WARN_64_TO_32_BIT_CONVERSION = YES;
				GCC_WARN_ABOUT_RETURN_TYPE = YES_ERROR;
				GCC_WARN_UNDECLARED_SELECTOR = YES;
				GCC_WARN_UNINITIALIZED_AUTOS = YES_AGGRESSIVE;
				GCC_WARN_UNUSED_FUNCTION = YES;
				GCC_WARN_UNUSED_VARIABLE = YES;
				IPHONEOS_DEPLOYMENT_TARGET = 13.0;
				MTL_ENABLE_DEBUG_INFO = NO;
				MTL_FAST_MATH = YES;
				SDKROOT = iphoneos;
				SWIFT_COMPILATION_MODE = wholemodule;
				SWIFT_OPTIMIZATION_LEVEL = "-O";
				VALIDATE_PRODUCT = YES;
			};
			name = Release;
		};
		6C0072EF279EFB6500EDAB83 /* Debug */ = {
			isa = XCBuildConfiguration;
			baseConfigurationReference = 7294E379448FF0E7333603BC /* Pods-JacksonDental.debug.xcconfig */;
			buildSettings = {
				ASSETCATALOG_COMPILER_APPICON_NAME = AppIcon;
				ASSETCATALOG_COMPILER_GLOBAL_ACCENT_COLOR_NAME = AccentColor;
				CODE_SIGN_IDENTITY = "iPhone Distribution";
				CODE_SIGN_STYLE = Manual;
				CURRENT_PROJECT_VERSION = 1;
				DEVELOPMENT_TEAM = 7472224URA;
				GENERATE_INFOPLIST_FILE = YES;
				INFOPLIST_FILE = JacksonDental/Info.plist;
				INFOPLIST_KEY_UIApplicationSupportsIndirectInputEvents = YES;
				INFOPLIST_KEY_UILaunchStoryboardName = LaunchScreen;
				INFOPLIST_KEY_UIMainStoryboardFile = Main;
				INFOPLIST_KEY_UISupportedInterfaceOrientations = UIInterfaceOrientationPortrait;
				INFOPLIST_KEY_UISupportedInterfaceOrientations_iPad = "UIInterfaceOrientationPortrait UIInterfaceOrientationPortraitUpsideDown UIInterfaceOrientationLandscapeLeft UIInterfaceOrientationLandscapeRight";
				INFOPLIST_KEY_UISupportedInterfaceOrientations_iPhone = "UIInterfaceOrientationPortrait UIInterfaceOrientationLandscapeLeft UIInterfaceOrientationLandscapeRight";
				INFOPLIST_KEY_UIUserInterfaceStyle = Light;
				IPHONEOS_DEPLOYMENT_TARGET = 13.0;
				LD_RUNPATH_SEARCH_PATHS = (
					"$(inherited)",
					"@executable_path/Frameworks",
				);
				MARKETING_VERSION = 1.5;
				PRODUCT_BUNDLE_IDENTIFIER = app.JacksonDental;
				PRODUCT_NAME = "$(TARGET_NAME)";
				PROVISIONING_PROFILE_SPECIFIER = JacksonDental_Dis;
				SWIFT_EMIT_LOC_STRINGS = YES;
				SWIFT_VERSION = 5.0;
				TARGETED_DEVICE_FAMILY = 1;
			};
			name = Debug;
		};
		6C0072F0279EFB6500EDAB83 /* Release */ = {
			isa = XCBuildConfiguration;
			baseConfigurationReference = FF638AB26036EB8461F1928F /* Pods-JacksonDental.release.xcconfig */;
			buildSettings = {
				ASSETCATALOG_COMPILER_APPICON_NAME = AppIcon;
				ASSETCATALOG_COMPILER_GLOBAL_ACCENT_COLOR_NAME = AccentColor;
				CODE_SIGN_IDENTITY = "iPhone Distribution";
				CODE_SIGN_STYLE = Manual;
				CURRENT_PROJECT_VERSION = 1;
				DEVELOPMENT_TEAM = 7472224URA;
				GENERATE_INFOPLIST_FILE = YES;
				INFOPLIST_FILE = JacksonDental/Info.plist;
				INFOPLIST_KEY_UIApplicationSupportsIndirectInputEvents = YES;
				INFOPLIST_KEY_UILaunchStoryboardName = LaunchScreen;
				INFOPLIST_KEY_UIMainStoryboardFile = Main;
				INFOPLIST_KEY_UISupportedInterfaceOrientations = UIInterfaceOrientationPortrait;
				INFOPLIST_KEY_UISupportedInterfaceOrientations_iPad = "UIInterfaceOrientationPortrait UIInterfaceOrientationPortraitUpsideDown UIInterfaceOrientationLandscapeLeft UIInterfaceOrientationLandscapeRight";
				INFOPLIST_KEY_UISupportedInterfaceOrientations_iPhone = "UIInterfaceOrientationPortrait UIInterfaceOrientationLandscapeLeft UIInterfaceOrientationLandscapeRight";
				INFOPLIST_KEY_UIUserInterfaceStyle = Light;
				IPHONEOS_DEPLOYMENT_TARGET = 13.0;
				LD_RUNPATH_SEARCH_PATHS = (
					"$(inherited)",
					"@executable_path/Frameworks",
				);
				MARKETING_VERSION = 1.5;
				PRODUCT_BUNDLE_IDENTIFIER = app.JacksonDental;
				PRODUCT_NAME = "$(TARGET_NAME)";
				PROVISIONING_PROFILE_SPECIFIER = JacksonDental_Dis;
				SWIFT_EMIT_LOC_STRINGS = YES;
				SWIFT_VERSION = 5.0;
				TARGETED_DEVICE_FAMILY = 1;
			};
			name = Release;
		};
		6C0072F2279EFB6500EDAB83 /* Debug */ = {
			isa = XCBuildConfiguration;
			baseConfigurationReference = EBBDCF10F80637B0C05CACBE /* Pods-JacksonDentalTests.debug.xcconfig */;
			buildSettings = {
				ALWAYS_EMBED_SWIFT_STANDARD_LIBRARIES = YES;
				BUNDLE_LOADER = "$(TEST_HOST)";
				CODE_SIGN_STYLE = Automatic;
				CURRENT_PROJECT_VERSION = 1;
				GENERATE_INFOPLIST_FILE = YES;
				IPHONEOS_DEPLOYMENT_TARGET = 15.0;
				LD_RUNPATH_SEARCH_PATHS = (
					"$(inherited)",
					"@executable_path/Frameworks",
					"@loader_path/Frameworks",
				);
				MARKETING_VERSION = 1.0;
				PRODUCT_BUNDLE_IDENTIFIER = com.JacksonDentalTests;
				PRODUCT_NAME = "$(TARGET_NAME)";
				SWIFT_EMIT_LOC_STRINGS = NO;
				SWIFT_VERSION = 5.0;
				TARGETED_DEVICE_FAMILY = "1,2";
				TEST_HOST = "$(BUILT_PRODUCTS_DIR)/JacksonDental.app/JacksonDental";
			};
			name = Debug;
		};
		6C0072F3279EFB6500EDAB83 /* Release */ = {
			isa = XCBuildConfiguration;
			baseConfigurationReference = C73B1E54B8C3C7BB8026D2BA /* Pods-JacksonDentalTests.release.xcconfig */;
			buildSettings = {
				ALWAYS_EMBED_SWIFT_STANDARD_LIBRARIES = YES;
				BUNDLE_LOADER = "$(TEST_HOST)";
				CODE_SIGN_STYLE = Automatic;
				CURRENT_PROJECT_VERSION = 1;
				GENERATE_INFOPLIST_FILE = YES;
				IPHONEOS_DEPLOYMENT_TARGET = 15.0;
				LD_RUNPATH_SEARCH_PATHS = (
					"$(inherited)",
					"@executable_path/Frameworks",
					"@loader_path/Frameworks",
				);
				MARKETING_VERSION = 1.0;
				PRODUCT_BUNDLE_IDENTIFIER = com.JacksonDentalTests;
				PRODUCT_NAME = "$(TARGET_NAME)";
				SWIFT_EMIT_LOC_STRINGS = NO;
				SWIFT_VERSION = 5.0;
				TARGETED_DEVICE_FAMILY = "1,2";
				TEST_HOST = "$(BUILT_PRODUCTS_DIR)/JacksonDental.app/JacksonDental";
			};
			name = Release;
		};
		6C0072F5279EFB6500EDAB83 /* Debug */ = {
			isa = XCBuildConfiguration;
			baseConfigurationReference = 5F841B4FFA4DFD46667BF8BC /* Pods-JacksonDental-JacksonDentalUITests.debug.xcconfig */;
			buildSettings = {
				ALWAYS_EMBED_SWIFT_STANDARD_LIBRARIES = YES;
				CODE_SIGN_STYLE = Automatic;
				CURRENT_PROJECT_VERSION = 1;
				GENERATE_INFOPLIST_FILE = YES;
				LD_RUNPATH_SEARCH_PATHS = (
					"$(inherited)",
					"@executable_path/Frameworks",
					"@loader_path/Frameworks",
				);
				MARKETING_VERSION = 1.0;
				PRODUCT_BUNDLE_IDENTIFIER = com.JacksonDentalUITests;
				PRODUCT_NAME = "$(TARGET_NAME)";
				SWIFT_EMIT_LOC_STRINGS = NO;
				SWIFT_VERSION = 5.0;
				TARGETED_DEVICE_FAMILY = "1,2";
				TEST_TARGET_NAME = JacksonDental;
			};
			name = Debug;
		};
		6C0072F6279EFB6500EDAB83 /* Release */ = {
			isa = XCBuildConfiguration;
			baseConfigurationReference = BE382CBCF2C89E2C87008FD4 /* Pods-JacksonDental-JacksonDentalUITests.release.xcconfig */;
			buildSettings = {
				ALWAYS_EMBED_SWIFT_STANDARD_LIBRARIES = YES;
				CODE_SIGN_STYLE = Automatic;
				CURRENT_PROJECT_VERSION = 1;
				GENERATE_INFOPLIST_FILE = YES;
				LD_RUNPATH_SEARCH_PATHS = (
					"$(inherited)",
					"@executable_path/Frameworks",
					"@loader_path/Frameworks",
				);
				MARKETING_VERSION = 1.0;
				PRODUCT_BUNDLE_IDENTIFIER = com.JacksonDentalUITests;
				PRODUCT_NAME = "$(TARGET_NAME)";
				SWIFT_EMIT_LOC_STRINGS = NO;
				SWIFT_VERSION = 5.0;
				TARGETED_DEVICE_FAMILY = "1,2";
				TEST_TARGET_NAME = JacksonDental;
			};
			name = Release;
		};
/* End XCBuildConfiguration section */

/* Begin XCConfigurationList section */
		6C0072BF279EFB6300EDAB83 /* Build configuration list for PBXProject "JacksonDental" */ = {
			isa = XCConfigurationList;
			buildConfigurations = (
				6C0072EC279EFB6500EDAB83 /* Debug */,
				6C0072ED279EFB6500EDAB83 /* Release */,
			);
			defaultConfigurationIsVisible = 0;
			defaultConfigurationName = Release;
		};
		6C0072EE279EFB6500EDAB83 /* Build configuration list for PBXNativeTarget "JacksonDental" */ = {
			isa = XCConfigurationList;
			buildConfigurations = (
				6C0072EF279EFB6500EDAB83 /* Debug */,
				6C0072F0279EFB6500EDAB83 /* Release */,
			);
			defaultConfigurationIsVisible = 0;
			defaultConfigurationName = Release;
		};
		6C0072F1279EFB6500EDAB83 /* Build configuration list for PBXNativeTarget "JacksonDentalTests" */ = {
			isa = XCConfigurationList;
			buildConfigurations = (
				6C0072F2279EFB6500EDAB83 /* Debug */,
				6C0072F3279EFB6500EDAB83 /* Release */,
			);
			defaultConfigurationIsVisible = 0;
			defaultConfigurationName = Release;
		};
		6C0072F4279EFB6500EDAB83 /* Build configuration list for PBXNativeTarget "JacksonDentalUITests" */ = {
			isa = XCConfigurationList;
			buildConfigurations = (
				6C0072F5279EFB6500EDAB83 /* Debug */,
				6C0072F6279EFB6500EDAB83 /* Release */,
			);
			defaultConfigurationIsVisible = 0;
			defaultConfigurationName = Release;
		};
/* End XCConfigurationList section */
	};
	rootObject = 6C0072BC279EFB6300EDAB83 /* Project object */;
}
